
Microsoft Visual Studio Solution File, Format Version 12.00
# Visual Studio 15
Project("{FAE04EC0-301F-11D3-BF4B-00C04F79EFBC}") = "Assembly-CSharp-Editor", "Assembly-CSharp-Editor.csproj", "{3654AD3D-7D9B-7435-42C2-6F343F1245BE}"
EndProject
Project("{FAE04EC0-301F-11D3-BF4B-00C04F79EFBC}") = "Assembly-CSharp", "Assembly-CSharp.csproj", "{E063FCDF-17E3-1EE2-90BD-8306B6500F9E}"
EndProject
Global
	GlobalSection(SolutionConfigurationPlatforms) = preSolution
		Debug|Any CPU = Debug|Any CPU
		Release|Any CPU = Release|Any CPU
	EndGlobalSection
	GlobalSection(ProjectConfigurationPlatforms) = postSolution
		{3654AD3D-7D9B-7435-42C2-6F343F1245BE}.Debug|Any CPU.ActiveCfg = Debug|Any CPU
		{3654AD3D-7D9B-7435-42C2-6F343F1245BE}.Debug|Any CPU.Build.0 = Debug|Any CPU
		{3654AD3D-7D9B-7435-42C2-6F343F1245BE}.Release|Any CPU.ActiveCfg = Release|Any CPU
		{3654AD3D-7D9B-7435-42C2-6F343F1245BE}.Release|Any CPU.Build.0 = Release|Any CPU
		{E063FCDF-17E3-1EE2-90BD-8306B6500F9E}.Debug|Any CPU.ActiveCfg = Debug|Any CPU
		{E063FCDF-17E3-1EE2-90BD-8306B6500F9E}.Debug|Any CPU.Build.0 = Debug|Any CPU
		{E063FCDF-17E3-1EE2-90BD-8306B6500F9E}.Release|Any CPU.ActiveCfg = Release|Any CPU
		{E063FCDF-17E3-1EE2-90BD-8306B6500F9E}.Release|Any CPU.Build.0 = Release|Any CPU
	EndGlobalSection
	GlobalSection(SolutionProperties) = preSolution
		HideSolutionNode = FALSE
	EndGlobalSection
EndGlobal
